
Microsoft Visual Studio Solution File, Format Version 12.00
# Visual Studio Version 17
VisualStudioVersion = 17.12.35514.174 d17.12
MinimumVisualStudioVersion = 10.0.40219.1
Project("{FAE04EC0-301F-11D3-BF4B-00C04F79EFBC}") = "Kontaktlista", "Kontaktlista\Kontaktlista.csproj", "{D507BF35-FE73-4292-AFD5-372374C950BC}"
EndProject
Project("{FAE04EC0-301F-11D3-BF4B-00C04F79EFBC}") = "Business", "Business\Business.csproj", "{B2AFC859-4D02-4497-ACE5-73A709F9F715}"
EndProject
Global
	GlobalSection(SolutionConfigurationPlatforms) = preSolution
		Debug|Any CPU = Debug|Any CPU
		Release|Any CPU = Release|Any CPU
	EndGlobalSection
	GlobalSection(ProjectConfigurationPlatforms) = postSolution
		{D507BF35-FE73-4292-AFD5-372374C950BC}.Debug|Any CPU.ActiveCfg = Debug|Any CPU
		{D507BF35-FE73-4292-AFD5-372374C950BC}.Debug|Any CPU.Build.0 = Debug|Any CPU
		{D507BF35-FE73-4292-AFD5-372374C950BC}.Release|Any CPU.ActiveCfg = Release|Any CPU
		{D507BF35-FE73-4292-AFD5-372374C950BC}.Release|Any CPU.Build.0 = Release|Any CPU
		{B2AFC859-4D02-4497-ACE5-73A709F9F715}.Debug|Any CPU.ActiveCfg = Debug|Any CPU
		{B2AFC859-4D02-4497-ACE5-73A709F9F715}.Debug|Any CPU.Build.0 = Debug|Any CPU
		{B2AFC859-4D02-4497-ACE5-73A709F9F715}.Release|Any CPU.ActiveCfg = Release|Any CPU
		{B2AFC859-4D02-4497-ACE5-73A709F9F715}.Release|Any CPU.Build.0 = Release|Any CPU
	EndGlobalSection
	GlobalSection(SolutionProperties) = preSolution
		HideSolutionNode = FALSE
	EndGlobalSection
EndGlobal
